
Microsoft Visual Studio Solution File, Format Version 12.00
# Visual Studio Version 17
VisualStudioVersion = 17.9.34701.34
MinimumVisualStudioVersion = 10.0.40219.1
Project("{FAE04EC0-301F-11D3-BF4B-00C04F79EFBC}") = "device", "device\device.csproj", "{1B52602A-DA93-490D-97C3-2805A6BD9683}"
EndProject
Global
	GlobalSection(SolutionConfigurationPlatforms) = preSolution
		Debug|Any CPU = Debug|Any CPU
		Release|Any CPU = Release|Any CPU
	EndGlobalSection
	GlobalSection(ProjectConfigurationPlatforms) = postSolution
		{1B52602A-DA93-490D-97C3-2805A6BD9683}.Debug|Any CPU.ActiveCfg = Debug|Any CPU
		{1B52602A-DA93-490D-97C3-2805A6BD9683}.Debug|Any CPU.Build.0 = Debug|Any CPU
		{1B52602A-DA93-490D-97C3-2805A6BD9683}.Release|Any CPU.ActiveCfg = Release|Any CPU
		{1B52602A-DA93-490D-97C3-2805A6BD9683}.Release|Any CPU.Build.0 = Release|Any CPU
	EndGlobalSection
	GlobalSection(SolutionProperties) = preSolution
		HideSolutionNode = FALSE
	EndGlobalSection
	GlobalSection(ExtensibilityGlobals) = postSolution
		SolutionGuid = {640E2375-4D3B-4577-8F5C-66A137E85D90}
	EndGlobalSection
EndGlobal
